
Microsoft Visual Studio Solution File, Format Version 12.00
# Visual Studio Version 17
VisualStudioVersion = 17.1.32421.90
MinimumVisualStudioVersion = 10.0.40219.1
Project("{FAE04EC0-301F-11D3-BF4B-00C04F79EFBC}") = "AlignTag", "AlignTag\AlignTag.csproj", "{AB14DB7D-855A-4952-8BD5-752DDDD05D7E}"
EndProject
Project("{9A19103F-16F7-4668-BE54-9A1E7A4F7556}") = "Align.Test", "Align.Test\Align.Test.csproj", "{840BAA3B-473D-4F82-B42A-85F63CFF68AF}"
EndProject
Global
	GlobalSection(SolutionConfigurationPlatforms) = preSolution
		2019Debug|Any CPU = 2019Debug|Any CPU
		2019Release|Any CPU = 2019Release|Any CPU
		2020Debug|Any CPU = 2020Debug|Any CPU
		2020Release|Any CPU = 2020Release|Any CPU
		2021Debug|Any CPU = 2021Debug|Any CPU
		2021Release|Any CPU = 2021Release|Any CPU
		2022Debug|Any CPU = 2022Debug|Any CPU
		2022Release|Any CPU = 2022Release|Any CPU
		2023Debug|Any CPU = 2023Debug|Any CPU
		2023Release|Any CPU = 2023Release|Any CPU
	EndGlobalSection
	GlobalSection(ProjectConfigurationPlatforms) = postSolution
		{AB14DB7D-855A-4952-8BD5-752DDDD05D7E}.2019Debug|Any CPU.ActiveCfg = 2019Debug|Any CPU
		{AB14DB7D-855A-4952-8BD5-752DDDD05D7E}.2019Debug|Any CPU.Build.0 = 2019Debug|Any CPU
		{AB14DB7D-855A-4952-8BD5-752DDDD05D7E}.2019Release|Any CPU.ActiveCfg = 2019Release|Any CPU
		{AB14DB7D-855A-4952-8BD5-752DDDD05D7E}.2019Release|Any CPU.Build.0 = 2019Release|Any CPU
		{AB14DB7D-855A-4952-8BD5-752DDDD05D7E}.2020Debug|Any CPU.ActiveCfg = 2020Debug|Any CPU
		{AB14DB7D-855A-4952-8BD5-752DDDD05D7E}.2020Debug|Any CPU.Build.0 = 2020Debug|Any CPU
		{AB14DB7D-855A-4952-8BD5-752DDDD05D7E}.2020Release|Any CPU.ActiveCfg = 2020Release|Any CPU
		{AB14DB7D-855A-4952-8BD5-752DDDD05D7E}.2020Release|Any CPU.Build.0 = 2020Release|Any CPU
		{AB14DB7D-855A-4952-8BD5-752DDDD05D7E}.2021Debug|Any CPU.ActiveCfg = 2021Debug|Any CPU
		{AB14DB7D-855A-4952-8BD5-752DDDD05D7E}.2021Debug|Any CPU.Build.0 = 2021Debug|Any CPU
		{AB14DB7D-855A-4952-8BD5-752DDDD05D7E}.2021Release|Any CPU.ActiveCfg = 2021Release|Any CPU
		{AB14DB7D-855A-4952-8BD5-752DDDD05D7E}.2021Release|Any CPU.Build.0 = 2021Release|Any CPU
		{AB14DB7D-855A-4952-8BD5-752DDDD05D7E}.2022Debug|Any CPU.ActiveCfg = 2022Debug|Any CPU
		{AB14DB7D-855A-4952-8BD5-752DDDD05D7E}.2022Debug|Any CPU.Build.0 = 2022Debug|Any CPU
		{AB14DB7D-855A-4952-8BD5-752DDDD05D7E}.2022Release|Any CPU.ActiveCfg = 2022Release|Any CPU
		{AB14DB7D-855A-4952-8BD5-752DDDD05D7E}.2022Release|Any CPU.Build.0 = 2022Release|Any CPU
		{AB14DB7D-855A-4952-8BD5-752DDDD05D7E}.2023Debug|Any CPU.ActiveCfg = 2023Debug|Any CPU
		{AB14DB7D-855A-4952-8BD5-752DDDD05D7E}.2023Debug|Any CPU.Build.0 = 2023Debug|Any CPU
		{AB14DB7D-855A-4952-8BD5-752DDDD05D7E}.2023Release|Any CPU.ActiveCfg = 2023Release|Any CPU
		{AB14DB7D-855A-4952-8BD5-752DDDD05D7E}.2023Release|Any CPU.Build.0 = 2023Release|Any CPU
		{840BAA3B-473D-4F82-B42A-85F63CFF68AF}.2019Debug|Any CPU.ActiveCfg = 2019Debug|Any CPU
		{840BAA3B-473D-4F82-B42A-85F63CFF68AF}.2019Debug|Any CPU.Build.0 = 2019Debug|Any CPU
		{840BAA3B-473D-4F82-B42A-85F63CFF68AF}.2019Release|Any CPU.ActiveCfg = 2019Release|Any CPU
		{840BAA3B-473D-4F82-B42A-85F63CFF68AF}.2019Release|Any CPU.Build.0 = 2019Release|Any CPU
		{840BAA3B-473D-4F82-B42A-85F63CFF68AF}.2020Debug|Any CPU.ActiveCfg = 2020Debug|Any CPU
		{840BAA3B-473D-4F82-B42A-85F63CFF68AF}.2020Debug|Any CPU.Build.0 = 2020Debug|Any CPU
		{840BAA3B-473D-4F82-B42A-85F63CFF68AF}.2020Release|Any CPU.ActiveCfg = 2020Release|Any CPU
		{840BAA3B-473D-4F82-B42A-85F63CFF68AF}.2020Release|Any CPU.Build.0 = 2020Release|Any CPU
		{840BAA3B-473D-4F82-B42A-85F63CFF68AF}.2021Debug|Any CPU.ActiveCfg = 2021Debug|Any CPU
		{840BAA3B-473D-4F82-B42A-85F63CFF68AF}.2021Debug|Any CPU.Build.0 = 2021Debug|Any CPU
		{840BAA3B-473D-4F82-B42A-85F63CFF68AF}.2021Release|Any CPU.ActiveCfg = 2021Release|Any CPU
		{840BAA3B-473D-4F82-B42A-85F63CFF68AF}.2021Release|Any CPU.Build.0 = 2021Release|Any CPU
		{840BAA3B-473D-4F82-B42A-85F63CFF68AF}.2022Debug|Any CPU.ActiveCfg = 2022Debug|Any CPU
		{840BAA3B-473D-4F82-B42A-85F63CFF68AF}.2022Debug|Any CPU.Build.0 = 2022Debug|Any CPU
		{840BAA3B-473D-4F82-B42A-85F63CFF68AF}.2022Release|Any CPU.ActiveCfg = 2022Release|Any CPU
		{840BAA3B-473D-4F82-B42A-85F63CFF68AF}.2022Release|Any CPU.Build.0 = 2022Release|Any CPU
		{840BAA3B-473D-4F82-B42A-85F63CFF68AF}.2023Debug|Any CPU.ActiveCfg = 2023Debug|Any CPU
		{840BAA3B-473D-4F82-B42A-85F63CFF68AF}.2023Debug|Any CPU.Build.0 = 2023Debug|Any CPU
		{840BAA3B-473D-4F82-B42A-85F63CFF68AF}.2023Release|Any CPU.ActiveCfg = 2023Release|Any CPU
		{840BAA3B-473D-4F82-B42A-85F63CFF68AF}.2023Release|Any CPU.Build.0 = 2023Release|Any CPU
	EndGlobalSection
	GlobalSection(SolutionProperties) = preSolution
		HideSolutionNode = FALSE
	EndGlobalSection
	GlobalSection(ExtensibilityGlobals) = postSolution
		SolutionGuid = {FEE85557-E92A-4887-8A3E-9C7E02DC9C66}
	EndGlobalSection
EndGlobal
