
Microsoft Visual Studio Solution File, Format Version 12.00
# Visual Studio Version 17
VisualStudioVersion = 17.1.32421.90
MinimumVisualStudioVersion = 10.0.40219.1
Project("{9A19103F-16F7-4668-BE54-9A1E7A4F7556}") = "AlignTag", "AlignTag\AlignTag.csproj", "{AB14DB7D-855A-4952-8BD5-752DDDD05D7E}"
EndProject
Project("{9A19103F-16F7-4668-BE54-9A1E7A4F7556}") = "Align.Test", "Align.Test\Align.Test.csproj", "{840BAA3B-473D-4F82-B42A-85F63CFF68AF}"
EndProject
Global
	GlobalSection(SolutionConfigurationPlatforms) = preSolution
		2019|x64 = 2019|x64
		2020|x64 = 2020|x64
		2021|x64 = 2021|x64
		2022|x64 = 2022|x64
		2023|x64 = 2023|x64
		2024|x64 = 2024|x64
		2025|x64 = 2025|x64
		Debug|x64 = Debug|x64
	EndGlobalSection
	GlobalSection(ProjectConfigurationPlatforms) = postSolution
		{AB14DB7D-855A-4952-8BD5-752DDDD05D7E}.2019|x64.ActiveCfg = 2019|x64
		{AB14DB7D-855A-4952-8BD5-752DDDD05D7E}.2019|x64.Build.0 = 2019|x64
		{AB14DB7D-855A-4952-8BD5-752DDDD05D7E}.2020|x64.ActiveCfg = 2020|x64
		{AB14DB7D-855A-4952-8BD5-752DDDD05D7E}.2020|x64.Build.0 = 2020|x64
		{AB14DB7D-855A-4952-8BD5-752DDDD05D7E}.2021|x64.ActiveCfg = 2021|x64
		{AB14DB7D-855A-4952-8BD5-752DDDD05D7E}.2021|x64.Build.0 = 2021|x64
		{AB14DB7D-855A-4952-8BD5-752DDDD05D7E}.2022|x64.ActiveCfg = 2022|x64
		{AB14DB7D-855A-4952-8BD5-752DDDD05D7E}.2022|x64.Build.0 = 2022|x64
		{AB14DB7D-855A-4952-8BD5-752DDDD05D7E}.2023|x64.ActiveCfg = 2023|x64
		{AB14DB7D-855A-4952-8BD5-752DDDD05D7E}.2023|x64.Build.0 = 2023|x64
		{AB14DB7D-855A-4952-8BD5-752DDDD05D7E}.2024|x64.ActiveCfg = 2024|x64
		{AB14DB7D-855A-4952-8BD5-752DDDD05D7E}.2024|x64.Build.0 = 2024|x64
		{AB14DB7D-855A-4952-8BD5-752DDDD05D7E}.2025|x64.ActiveCfg = 2025|x64
		{AB14DB7D-855A-4952-8BD5-752DDDD05D7E}.2025|x64.Build.0 = 2025|x64
		{AB14DB7D-855A-4952-8BD5-752DDDD05D7E}.Debug|x64.ActiveCfg = Debug|x64
		{AB14DB7D-855A-4952-8BD5-752DDDD05D7E}.Debug|x64.Build.0 = Debug|x64
		{840BAA3B-473D-4F82-B42A-85F63CFF68AF}.2019|x64.ActiveCfg = 2019|x64
		{840BAA3B-473D-4F82-B42A-85F63CFF68AF}.2019|x64.Build.0 = 2019|x64
		{840BAA3B-473D-4F82-B42A-85F63CFF68AF}.2020|x64.ActiveCfg = 2020|x64
		{840BAA3B-473D-4F82-B42A-85F63CFF68AF}.2020|x64.Build.0 = 2020|x64
		{840BAA3B-473D-4F82-B42A-85F63CFF68AF}.2021|x64.ActiveCfg = 2021|x64
		{840BAA3B-473D-4F82-B42A-85F63CFF68AF}.2021|x64.Build.0 = 2021|x64
		{840BAA3B-473D-4F82-B42A-85F63CFF68AF}.2022|x64.ActiveCfg = 2022|x64
		{840BAA3B-473D-4F82-B42A-85F63CFF68AF}.2022|x64.Build.0 = 2022|x64
		{840BAA3B-473D-4F82-B42A-85F63CFF68AF}.2023|x64.ActiveCfg = 2023|x64
		{840BAA3B-473D-4F82-B42A-85F63CFF68AF}.2023|x64.Build.0 = 2023|x64
		{840BAA3B-473D-4F82-B42A-85F63CFF68AF}.2024|x64.ActiveCfg = 2024|x64
		{840BAA3B-473D-4F82-B42A-85F63CFF68AF}.2024|x64.Build.0 = 2024|x64
		{840BAA3B-473D-4F82-B42A-85F63CFF68AF}.2025|x64.ActiveCfg = 2025|x64
		{840BAA3B-473D-4F82-B42A-85F63CFF68AF}.2025|x64.Build.0 = 2025|x64
		{840BAA3B-473D-4F82-B42A-85F63CFF68AF}.Debug|x64.ActiveCfg = Debug|x64
		{840BAA3B-473D-4F82-B42A-85F63CFF68AF}.Debug|x64.Build.0 = Debug|x64
	EndGlobalSection
	GlobalSection(SolutionProperties) = preSolution
		HideSolutionNode = FALSE
	EndGlobalSection
	GlobalSection(ExtensibilityGlobals) = postSolution
		SolutionGuid = {FEE85557-E92A-4887-8A3E-9C7E02DC9C66}
	EndGlobalSection
EndGlobal
